{
  "version": 4,
  "terraform_version": "1.0.0",
  "serial": 44,
  "lineage": "f78b3cb9-3fc3-1312-2f97-c24db43cfe99",
  "outputs": {},
  "resources": [
    {
      "mode": "managed",
      "type": "aws_api_gateway_integration",
      "name": "first_integration",
      "provider": "provider[\"registry.terraform.io/hashicorp/aws\"]",
      "instances": [
        {
          "schema_version": 0,
          "attributes": {
            "cache_key_parameters": null,
            "cache_namespace": "sdx5qv",
            "connection_id": "",
            "connection_type": "INTERNET",
            "content_handling": "",
            "credentials": "",
            "http_method": "GET",
            "id": "agi-yvwbxfjsgf-sdx5qv-GET",
            "integration_http_method": "",
            "passthrough_behavior": "WHEN_NO_MATCH",
            "request_parameters": null,
            "request_templates": {
              "application/json": "{\"statusCode\":200}"
            },
            "resource_id": "sdx5qv",
            "rest_api_id": "yvwbxfjsgf",
            "timeout_milliseconds": 29000,
            "tls_config": [],
            "type": "MOCK",
            "uri": ""
          },
          "sensitive_attributes": [],
          "private": "bnVsbA==",
          "dependencies": [
            "aws_api_gateway_resource.first_resource",
            "aws_api_gateway_rest_api.first_api"
          ]
        }
      ]
    },
    {
      "mode": "managed",
      "type": "aws_api_gateway_integration_response",
      "name": "first_integration_response",
      "provider": "provider[\"registry.terraform.io/hashicorp/aws\"]",
      "instances": [
        {
          "schema_version": 0,
          "attributes": {
            "content_handling": "",
            "http_method": "GET",
            "id": "agir-yvwbxfjsgf-sdx5qv-GET-200",
            "resource_id": "sdx5qv",
            "response_parameters": null,
            "response_templates": {
              "application/json": "{\"product_id_str\":\"$input.params('product_id')\",\"reviews_arr\":[{\"rating_int\":3,\"review_body_str\":\"Both the dropcam and nest cam have an embarrassingly bad WIFI algorithm when there are multiple access points with the same name (SID) near it.  (I have a tall house and I need multiple WIFI access points)  When you have this situation, the cameras lose connectivity all the time. The obvious workaround is to dedicate a WIFI access point specifically for the Nest Cam, which is annoying.  Why Nest can't or won't fix this is beyond me.  I know of no other WIFI enabled device that is this dumb about WIFI connectivity.  Until this is fixed it stays a 3\"},{\"rating_int\":3,\"review_body_str\":\"It was easy to setup with a small hiccup during the scanning of the barcode on the back.  I still have issues with the software not loading correctly on my phone which customer service has said they are working on fixing.  The app hangs quite often when loading it from a push notification where I either get single spinners or double spinners.\\u003cbr /\\u003e\\u003cbr /\\u003eI do wish the monthly/yearly fees for video retention were better or there was maybe a network based solution for video storage as I would like to buy more of these and use them as a whole house system but would get quite pricy\"},{\"rating_int\":4,\"review_body_str\":\"I've had this device for a few weeks now and I really like it.  It was easy to setup and it's easy to use.  I already have a Nest thermostat which I love and I now use the same app (on Android) to manage the camera.  It is really cool to be able to view the camera from my phone wherever I am.  There are some small kinks which seem to need work in the app.  For example, clicking on the notification will open the app and infinitely try to load the image from the camera history.  If you don't pay for the history it was just infinitely load... you could wait an hour it will never load an image.  You have to back out of the app and open it again to see the image.  Also, the camera should come with at least one day or a few hours of video history included for free.  It would be great to have the option to cache video history to my own computer or network device.  Without paying the subscription fee you have ZERO video history.  You will get a notification that the camera detected motion.... but you can't see it because it's usually over before you can open the app.  The camera is pretty much useless without video history... but the prices for history are not cheap.  If you don't mind paying a monthly fee... it's a great device with excellent build quality and image quality.\"},{\"rating_int\":3,\"review_body_str\":\"I was hoping to use this for outdoor surveillance.  Proved to be too difficult to isolate zones where breezy plants wouldn't trigger unwanted alerts.  On one occasion, I received motion alerts when camera was allegedly off, which made me uncomfortable about when video was/wasn't being sent to cloud.  App had a bad habit of turning off my motion zones so my alerts were not useful.  Camera pours off heat.  Seems overall like an unrefined product not on par with the Nest thermostat which I own and like.\"}]}"
            },
            "rest_api_id": "yvwbxfjsgf",
            "selection_pattern": "",
            "status_code": "200"
          },
          "sensitive_attributes": [],
          "private": "bnVsbA==",
          "dependencies": [
            "aws_api_gateway_integration.first_integration",
            "aws_api_gateway_resource.first_resource",
            "aws_api_gateway_rest_api.first_api"
          ]
        }
      ]
    },
    {
      "mode": "managed",
      "type": "aws_api_gateway_method",
      "name": "first_method",
      "provider": "provider[\"registry.terraform.io/hashicorp/aws\"]",
      "instances": [
        {
          "schema_version": 0,
          "attributes": {
            "api_key_required": false,
            "authorization": "NONE",
            "authorization_scopes": [],
            "authorizer_id": "",
            "http_method": "GET",
            "id": "agm-yvwbxfjsgf-sdx5qv-GET",
            "operation_name": "",
            "request_models": {
              "application/json": "getreviewsmodel"
            },
            "request_parameters": {},
            "request_validator_id": "5k7ny2",
            "resource_id": "sdx5qv",
            "rest_api_id": "yvwbxfjsgf"
          },
          "sensitive_attributes": [],
          "private": "bnVsbA==",
          "dependencies": [
            "aws_api_gateway_model.first_model",
            "aws_api_gateway_request_validator.first_request_validator",
            "aws_api_gateway_resource.first_resource",
            "aws_api_gateway_rest_api.first_api"
          ]
        }
      ]
    },
    {
      "mode": "managed",
      "type": "aws_api_gateway_method_response",
      "name": "first_method_response",
      "provider": "provider[\"registry.terraform.io/hashicorp/aws\"]",
      "instances": [
        {
          "schema_version": 0,
          "attributes": {
            "http_method": "GET",
            "id": "agmr-yvwbxfjsgf-sdx5qv-GET-200",
            "resource_id": "sdx5qv",
            "response_models": null,
            "response_parameters": null,
            "rest_api_id": "yvwbxfjsgf",
            "status_code": "200"
          },
          "sensitive_attributes": [],
          "private": "bnVsbA==",
          "dependencies": [
            "aws_api_gateway_method.first_method",
            "aws_api_gateway_resource.first_resource",
            "aws_api_gateway_rest_api.first_api"
          ]
        }
      ]
    },
    {
      "mode": "managed",
      "type": "aws_api_gateway_model",
      "name": "first_model",
      "provider": "provider[\"registry.terraform.io/hashicorp/aws\"]",
      "instances": [
        {
          "schema_version": 0,
          "attributes": {
            "content_type": "application/json",
            "description": "",
            "id": "wre4v3",
            "name": "getreviewsmodel",
            "rest_api_id": "yvwbxfjsgf",
            "schema": "{\"$schema\":\"http://json-schema.org/draft-04/schema#\",\"properties\":{\"product_id\":{\"type\":\"string\"}},\"title\":\"VideoCameraStoreModel\",\"type\":\"object\"}"
          },
          "sensitive_attributes": [],
          "private": "bnVsbA==",
          "dependencies": [
            "aws_api_gateway_rest_api.first_api"
          ]
        }
      ]
    },
    {
      "mode": "managed",
      "type": "aws_api_gateway_request_validator",
      "name": "first_request_validator",
      "provider": "provider[\"registry.terraform.io/hashicorp/aws\"]",
      "instances": [
        {
          "schema_version": 0,
          "attributes": {
            "id": "5k7ny2",
            "name": "first_validator",
            "rest_api_id": "yvwbxfjsgf",
            "validate_request_body": true,
            "validate_request_parameters": false
          },
          "sensitive_attributes": [],
          "private": "bnVsbA==",
          "dependencies": [
            "aws_api_gateway_rest_api.first_api"
          ]
        }
      ]
    },
    {
      "mode": "managed",
      "type": "aws_api_gateway_resource",
      "name": "first_resource",
      "provider": "provider[\"registry.terraform.io/hashicorp/aws\"]",
      "instances": [
        {
          "schema_version": 0,
          "attributes": {
            "id": "sdx5qv",
            "parent_id": "721a28csag",
            "path": "/get_reviews",
            "path_part": "get_reviews",
            "rest_api_id": "yvwbxfjsgf"
          },
          "sensitive_attributes": [],
          "private": "bnVsbA==",
          "dependencies": [
            "aws_api_gateway_rest_api.first_api"
          ]
        }
      ]
    },
    {
      "mode": "managed",
      "type": "aws_api_gateway_rest_api",
      "name": "first_api",
      "provider": "provider[\"registry.terraform.io/hashicorp/aws\"]",
      "instances": [
        {
          "schema_version": 0,
          "attributes": {
            "api_key_source": "HEADER",
            "arn": "arn:aws:apigateway:us-east-2::/restapis/yvwbxfjsgf",
            "binary_media_types": [],
            "body": null,
            "created_date": "2021-06-11T17:53:50Z",
            "description": "",
            "disable_execute_api_endpoint": false,
            "endpoint_configuration": [
              {
                "types": [
                  "EDGE"
                ],
                "vpc_endpoint_ids": []
              }
            ],
            "execution_arn": "arn:aws:execute-api:us-east-2:427128480243:yvwbxfjsgf",
            "id": "yvwbxfjsgf",
            "minimum_compression_size": -1,
            "name": "first-api",
            "parameters": null,
            "policy": "",
            "root_resource_id": "721a28csag",
            "tags": {
              "By": "Terraform"
            },
            "tags_all": {
              "By": "Terraform"
            }
          },
          "sensitive_attributes": [],
          "private": "bnVsbA=="
        }
      ]
    }
  ]
}
